// !$*UTF8*$!
{
	archiveVersion = 1;
	classes = {
	};
	objectVersion = 46;
	objects = {

/* Begin PBXBuildFile section */
		2E03098F1973D4C000242BB9 /* GameVC.m in Sources */ = {isa = PBXBuildFile; fileRef = 2E0309881973D4C000242BB9 /* GameVC.m */; };
		2E0309901973D4C000242BB9 /* IntroVC.m in Sources */ = {isa = PBXBuildFile; fileRef = 2E03098A1973D4C000242BB9 /* IntroVC.m */; };
		2E0309911973D4C000242BB9 /* NavigationVC.m in Sources */ = {isa = PBXBuildFile; fileRef = 2E03098C1973D4C000242BB9 /* NavigationVC.m */; };
		2E0309921973D4C000242BB9 /* TestVC.m in Sources */ = {isa = PBXBuildFile; fileRef = 2E03098E1973D4C000242BB9 /* TestVC.m */; };
		2E03099C1973D4E700242BB9 /* CharacterView.m in Sources */ = {isa = PBXBuildFile; fileRef = 2E0309951973D4E700242BB9 /* CharacterView.m */; };
		2E03099D1973D4E700242BB9 /* Colorscheme.m in Sources */ = {isa = PBXBuildFile; fileRef = 2E0309971973D4E700242BB9 /* Colorscheme.m */; };
		2E03099E1973D4E700242BB9 /* GridCell.m in Sources */ = {isa = PBXBuildFile; fileRef = 2E0309991973D4E700242BB9 /* GridCell.m */; };
		2E03099F1973D4E700242BB9 /* Symbol.m in Sources */ = {isa = PBXBuildFile; fileRef = 2E03099B1973D4E700242BB9 /* Symbol.m */; };
		2E0309A51973D50400242BB9 /* CellBackground.m in Sources */ = {isa = PBXBuildFile; fileRef = 2E0309A21973D50400242BB9 /* CellBackground.m */; };
		2E0309A61973D50400242BB9 /* Character.m in Sources */ = {isa = PBXBuildFile; fileRef = 2E0309A41973D50400242BB9 /* Character.m */; };
		2E950E7D1973D69A002EAF02 /* Main_iPad.storyboard in Resources */ = {isa = PBXBuildFile; fileRef = 2E950E791973D69A002EAF02 /* Main_iPad.storyboard */; };
		2E950E7E1973D69A002EAF02 /* Main_iPhone.storyboard in Resources */ = {isa = PBXBuildFile; fileRef = 2E950E7B1973D69A002EAF02 /* Main_iPhone.storyboard */; };
		2E950E821973D6EC002EAF02 /* DisplayVC.m in Sources */ = {isa = PBXBuildFile; fileRef = 2E950E811973D6EC002EAF02 /* DisplayVC.m */; };
		2E950E851973D736002EAF02 /* DisplayView.m in Sources */ = {isa = PBXBuildFile; fileRef = 2E950E841973D736002EAF02 /* DisplayView.m */; };
		2E950E881973D837002EAF02 /* DisplayLayer.m in Sources */ = {isa = PBXBuildFile; fileRef = 2E950E871973D837002EAF02 /* DisplayLayer.m */; };
		2E950E8B1973E043002EAF02 /* Cell.m in Sources */ = {isa = PBXBuildFile; fileRef = 2E950E8A1973E043002EAF02 /* Cell.m */; };
		2E9A644419700DC7004AEC82 /* Stark.OTF in Resources */ = {isa = PBXBuildFile; fileRef = 2E9A644319700DC7004AEC82 /* Stark.OTF */; };
		2E9A644919700F30004AEC82 /* Folks-Bold.ttf in Resources */ = {isa = PBXBuildFile; fileRef = 2E9A644619700F30004AEC82 /* Folks-Bold.ttf */; };
		2E9A644A19700F30004AEC82 /* Folks-Light.ttf in Resources */ = {isa = PBXBuildFile; fileRef = 2E9A644719700F30004AEC82 /* Folks-Light.ttf */; };
		2E9A644B19700F30004AEC82 /* Folks-Normal.ttf in Resources */ = {isa = PBXBuildFile; fileRef = 2E9A644819700F30004AEC82 /* Folks-Normal.ttf */; };
		2E9A644D19700FBF004AEC82 /* Fabada-regular.ttf in Resources */ = {isa = PBXBuildFile; fileRef = 2E9A644C19700FBF004AEC82 /* Fabada-regular.ttf */; };
		2E9A644F1970115C004AEC82 /* Aldo PC.ttf in Resources */ = {isa = PBXBuildFile; fileRef = 2E9A644E1970115C004AEC82 /* Aldo PC.ttf */; };
		2E9A64511970218B004AEC82 /* GardensC_03_1.otf in Resources */ = {isa = PBXBuildFile; fileRef = 2E9A64501970218B004AEC82 /* GardensC_03_1.otf */; };
		2ECF2619196E8CD200C48EC1 /* Foundation.framework in Frameworks */ = {isa = PBXBuildFile; fileRef = 2ECF2618196E8CD200C48EC1 /* Foundation.framework */; };
		2ECF261B196E8CD200C48EC1 /* CoreGraphics.framework in Frameworks */ = {isa = PBXBuildFile; fileRef = 2ECF261A196E8CD200C48EC1 /* CoreGraphics.framework */; };
		2ECF261D196E8CD200C48EC1 /* UIKit.framework in Frameworks */ = {isa = PBXBuildFile; fileRef = 2ECF261C196E8CD200C48EC1 /* UIKit.framework */; };
		2ECF2623196E8CD200C48EC1 /* InfoPlist.strings in Resources */ = {isa = PBXBuildFile; fileRef = 2ECF2621196E8CD200C48EC1 /* InfoPlist.strings */; };
		2ECF2625196E8CD200C48EC1 /* main.m in Sources */ = {isa = PBXBuildFile; fileRef = 2ECF2624196E8CD200C48EC1 /* main.m */; };
		2ECF2629196E8CD200C48EC1 /* AppDelegate.m in Sources */ = {isa = PBXBuildFile; fileRef = 2ECF2628196E8CD200C48EC1 /* AppDelegate.m */; };
		2ECF2634196E8CD200C48EC1 /* Images.xcassets in Resources */ = {isa = PBXBuildFile; fileRef = 2ECF2633196E8CD200C48EC1 /* Images.xcassets */; };
		2ECF263B196E8CD200C48EC1 /* XCTest.framework in Frameworks */ = {isa = PBXBuildFile; fileRef = 2ECF263A196E8CD200C48EC1 /* XCTest.framework */; };
		2ECF263C196E8CD200C48EC1 /* Foundation.framework in Frameworks */ = {isa = PBXBuildFile; fileRef = 2ECF2618196E8CD200C48EC1 /* Foundation.framework */; };
		2ECF263D196E8CD200C48EC1 /* UIKit.framework in Frameworks */ = {isa = PBXBuildFile; fileRef = 2ECF261C196E8CD200C48EC1 /* UIKit.framework */; };
		2ECF2645196E8CD200C48EC1 /* InfoPlist.strings in Resources */ = {isa = PBXBuildFile; fileRef = 2ECF2643196E8CD200C48EC1 /* InfoPlist.strings */; };
		2ECF2647196E8CD200C48EC1 /* TicTacToeTests.m in Sources */ = {isa = PBXBuildFile; fileRef = 2ECF2646196E8CD200C48EC1 /* TicTacToeTests.m */; };
		97210AB0196EA468004B8BFD /* BoardTests.m in Sources */ = {isa = PBXBuildFile; fileRef = 97210AAF196EA468004B8BFD /* BoardTests.m */; };
		97210AB3196ED3D9004B8BFD /* AI.m in Sources */ = {isa = PBXBuildFile; fileRef = 97210AB2196ED3D9004B8BFD /* AI.m */; };
		974A5EED196E8EB400C46D9B /* Board.m in Sources */ = {isa = PBXBuildFile; fileRef = 974A5EEC196E8EB400C46D9B /* Board.m */; };
		97793D6619753C80001C81A2 /* PlatformSDK.framework in Frameworks */ = {isa = PBXBuildFile; fileRef = 97793D6519753C80001C81A2 /* PlatformSDK.framework */; };
		97793D6819753CA0001C81A2 /* platformsettings.plist in Resources */ = {isa = PBXBuildFile; fileRef = 97793D6719753CA0001C81A2 /* platformsettings.plist */; };
		97793D6A19753CC4001C81A2 /* libsqlite3.0.dylib in Frameworks */ = {isa = PBXBuildFile; fileRef = 97793D6919753CC4001C81A2 /* libsqlite3.0.dylib */; };
		97793D6C19753CCB001C81A2 /* SystemConfiguration.framework in Frameworks */ = {isa = PBXBuildFile; fileRef = 97793D6B19753CCB001C81A2 /* SystemConfiguration.framework */; };
/* End PBXBuildFile section */

/* Begin PBXContainerItemProxy section */
		2ECF263E196E8CD200C48EC1 /* PBXContainerItemProxy */ = {
			isa = PBXContainerItemProxy;
			containerPortal = 2ECF260D196E8CD200C48EC1 /* Project object */;
			proxyType = 1;
			remoteGlobalIDString = 2ECF2614196E8CD200C48EC1;
			remoteInfo = TicTacToe;
		};
/* End PBXContainerItemProxy section */

/* Begin PBXFileReference section */
		2E0309871973D4C000242BB9 /* GameVC.h */ = {isa = PBXFileReference; fileEncoding = 4; lastKnownFileType = sourcecode.c.h; name = GameVC.h; path = Controller/GameVC.h; sourceTree = "<group>"; };
		2E0309881973D4C000242BB9 /* GameVC.m */ = {isa = PBXFileReference; fileEncoding = 4; lastKnownFileType = sourcecode.c.objc; name = GameVC.m; path = Controller/GameVC.m; sourceTree = "<group>"; };
		2E0309891973D4C000242BB9 /* IntroVC.h */ = {isa = PBXFileReference; fileEncoding = 4; lastKnownFileType = sourcecode.c.h; name = IntroVC.h; path = Controller/IntroVC.h; sourceTree = "<group>"; };
		2E03098A1973D4C000242BB9 /* IntroVC.m */ = {isa = PBXFileReference; fileEncoding = 4; lastKnownFileType = sourcecode.c.objc; name = IntroVC.m; path = Controller/IntroVC.m; sourceTree = "<group>"; };
		2E03098B1973D4C000242BB9 /* NavigationVC.h */ = {isa = PBXFileReference; fileEncoding = 4; lastKnownFileType = sourcecode.c.h; name = NavigationVC.h; path = Controller/NavigationVC.h; sourceTree = "<group>"; };
		2E03098C1973D4C000242BB9 /* NavigationVC.m */ = {isa = PBXFileReference; fileEncoding = 4; lastKnownFileType = sourcecode.c.objc; name = NavigationVC.m; path = Controller/NavigationVC.m; sourceTree = "<group>"; };
		2E03098D1973D4C000242BB9 /* TestVC.h */ = {isa = PBXFileReference; fileEncoding = 4; lastKnownFileType = sourcecode.c.h; name = TestVC.h; path = Controller/TestVC.h; sourceTree = "<group>"; };
		2E03098E1973D4C000242BB9 /* TestVC.m */ = {isa = PBXFileReference; fileEncoding = 4; lastKnownFileType = sourcecode.c.objc; name = TestVC.m; path = Controller/TestVC.m; sourceTree = "<group>"; };
		2E0309941973D4E700242BB9 /* CharacterView.h */ = {isa = PBXFileReference; fileEncoding = 4; lastKnownFileType = sourcecode.c.h; name = CharacterView.h; path = View/CharacterView.h; sourceTree = "<group>"; };
		2E0309951973D4E700242BB9 /* CharacterView.m */ = {isa = PBXFileReference; fileEncoding = 4; lastKnownFileType = sourcecode.c.objc; name = CharacterView.m; path = View/CharacterView.m; sourceTree = "<group>"; };
		2E0309961973D4E700242BB9 /* Colorscheme.h */ = {isa = PBXFileReference; fileEncoding = 4; lastKnownFileType = sourcecode.c.h; name = Colorscheme.h; path = View/Colorscheme.h; sourceTree = "<group>"; };
		2E0309971973D4E700242BB9 /* Colorscheme.m */ = {isa = PBXFileReference; fileEncoding = 4; lastKnownFileType = sourcecode.c.objc; name = Colorscheme.m; path = View/Colorscheme.m; sourceTree = "<group>"; };
		2E0309981973D4E700242BB9 /* GridCell.h */ = {isa = PBXFileReference; fileEncoding = 4; lastKnownFileType = sourcecode.c.h; name = GridCell.h; path = View/GridCell.h; sourceTree = "<group>"; };
		2E0309991973D4E700242BB9 /* GridCell.m */ = {isa = PBXFileReference; fileEncoding = 4; lastKnownFileType = sourcecode.c.objc; name = GridCell.m; path = View/GridCell.m; sourceTree = "<group>"; };
		2E03099A1973D4E700242BB9 /* Symbol.h */ = {isa = PBXFileReference; fileEncoding = 4; lastKnownFileType = sourcecode.c.h; name = Symbol.h; path = View/Symbol.h; sourceTree = "<group>"; };
		2E03099B1973D4E700242BB9 /* Symbol.m */ = {isa = PBXFileReference; fileEncoding = 4; lastKnownFileType = sourcecode.c.objc; name = Symbol.m; path = View/Symbol.m; sourceTree = "<group>"; };
		2E0309A11973D50400242BB9 /* CellBackground.h */ = {isa = PBXFileReference; fileEncoding = 4; lastKnownFileType = sourcecode.c.h; name = CellBackground.h; path = View/Layer/CellBackground.h; sourceTree = "<group>"; };
		2E0309A21973D50400242BB9 /* CellBackground.m */ = {isa = PBXFileReference; fileEncoding = 4; lastKnownFileType = sourcecode.c.objc; name = CellBackground.m; path = View/Layer/CellBackground.m; sourceTree = "<group>"; };
		2E0309A31973D50400242BB9 /* Character.h */ = {isa = PBXFileReference; fileEncoding = 4; lastKnownFileType = sourcecode.c.h; name = Character.h; path = View/Layer/Character.h; sourceTree = "<group>"; };
		2E0309A41973D50400242BB9 /* Character.m */ = {isa = PBXFileReference; fileEncoding = 4; lastKnownFileType = sourcecode.c.objc; name = Character.m; path = View/Layer/Character.m; sourceTree = "<group>"; };
		2E950E7A1973D69A002EAF02 /* Base */ = {isa = PBXFileReference; lastKnownFileType = file.storyboard; name = Base; path = Base.lproj/Main_iPad.storyboard; sourceTree = "<group>"; };
		2E950E7C1973D69A002EAF02 /* Base */ = {isa = PBXFileReference; lastKnownFileType = file.storyboard; name = Base; path = Base.lproj/Main_iPhone.storyboard; sourceTree = "<group>"; };
		2E950E801973D6EC002EAF02 /* DisplayVC.h */ = {isa = PBXFileReference; fileEncoding = 4; lastKnownFileType = sourcecode.c.h; name = DisplayVC.h; path = Controller/DisplayVC.h; sourceTree = "<group>"; };
		2E950E811973D6EC002EAF02 /* DisplayVC.m */ = {isa = PBXFileReference; fileEncoding = 4; lastKnownFileType = sourcecode.c.objc; name = DisplayVC.m; path = Controller/DisplayVC.m; sourceTree = "<group>"; };
		2E950E831973D736002EAF02 /* DisplayView.h */ = {isa = PBXFileReference; fileEncoding = 4; lastKnownFileType = sourcecode.c.h; name = DisplayView.h; path = View/DisplayView.h; sourceTree = "<group>"; };
		2E950E841973D736002EAF02 /* DisplayView.m */ = {isa = PBXFileReference; fileEncoding = 4; lastKnownFileType = sourcecode.c.objc; name = DisplayView.m; path = View/DisplayView.m; sourceTree = "<group>"; };
		2E950E861973D837002EAF02 /* DisplayLayer.h */ = {isa = PBXFileReference; fileEncoding = 4; lastKnownFileType = sourcecode.c.h; name = DisplayLayer.h; path = View/Layer/DisplayLayer.h; sourceTree = "<group>"; };
		2E950E871973D837002EAF02 /* DisplayLayer.m */ = {isa = PBXFileReference; fileEncoding = 4; lastKnownFileType = sourcecode.c.objc; name = DisplayLayer.m; path = View/Layer/DisplayLayer.m; sourceTree = "<group>"; };
		2E950E891973E043002EAF02 /* Cell.h */ = {isa = PBXFileReference; fileEncoding = 4; lastKnownFileType = sourcecode.c.h; name = Cell.h; path = View/Layer/Cell.h; sourceTree = "<group>"; };
		2E950E8A1973E043002EAF02 /* Cell.m */ = {isa = PBXFileReference; fileEncoding = 4; lastKnownFileType = sourcecode.c.objc; name = Cell.m; path = View/Layer/Cell.m; sourceTree = "<group>"; };
		2E9A644319700DC7004AEC82 /* Stark.OTF */ = {isa = PBXFileReference; lastKnownFileType = file; name = Stark.OTF; path = ../Stark.OTF; sourceTree = "<group>"; };
		2E9A644619700F30004AEC82 /* Folks-Bold.ttf */ = {isa = PBXFileReference; lastKnownFileType = file; path = "Folks-Bold.ttf"; sourceTree = "<group>"; };
		2E9A644719700F30004AEC82 /* Folks-Light.ttf */ = {isa = PBXFileReference; lastKnownFileType = file; path = "Folks-Light.ttf"; sourceTree = "<group>"; };
		2E9A644819700F30004AEC82 /* Folks-Normal.ttf */ = {isa = PBXFileReference; lastKnownFileType = file; path = "Folks-Normal.ttf"; sourceTree = "<group>"; };
		2E9A644C19700FBF004AEC82 /* Fabada-regular.ttf */ = {isa = PBXFileReference; lastKnownFileType = file; path = "Fabada-regular.ttf"; sourceTree = "<group>"; };
		2E9A644E1970115C004AEC82 /* Aldo PC.ttf */ = {isa = PBXFileReference; lastKnownFileType = file; path = "Aldo PC.ttf"; sourceTree = "<group>"; };
		2E9A64501970218B004AEC82 /* GardensC_03_1.otf */ = {isa = PBXFileReference; lastKnownFileType = file; path = GardensC_03_1.otf; sourceTree = "<group>"; };
		2ECF2615196E8CD200C48EC1 /* TicTacToe.app */ = {isa = PBXFileReference; explicitFileType = wrapper.application; includeInIndex = 0; path = TicTacToe.app; sourceTree = BUILT_PRODUCTS_DIR; };
		2ECF2618196E8CD200C48EC1 /* Foundation.framework */ = {isa = PBXFileReference; lastKnownFileType = wrapper.framework; name = Foundation.framework; path = System/Library/Frameworks/Foundation.framework; sourceTree = SDKROOT; };
		2ECF261A196E8CD200C48EC1 /* CoreGraphics.framework */ = {isa = PBXFileReference; lastKnownFileType = wrapper.framework; name = CoreGraphics.framework; path = System/Library/Frameworks/CoreGraphics.framework; sourceTree = SDKROOT; };
		2ECF261C196E8CD200C48EC1 /* UIKit.framework */ = {isa = PBXFileReference; lastKnownFileType = wrapper.framework; name = UIKit.framework; path = System/Library/Frameworks/UIKit.framework; sourceTree = SDKROOT; };
		2ECF2620196E8CD200C48EC1 /* TicTacToe-Info.plist */ = {isa = PBXFileReference; lastKnownFileType = text.plist.xml; path = "TicTacToe-Info.plist"; sourceTree = "<group>"; };
		2ECF2622196E8CD200C48EC1 /* en */ = {isa = PBXFileReference; lastKnownFileType = text.plist.strings; name = en; path = en.lproj/InfoPlist.strings; sourceTree = "<group>"; };
		2ECF2624196E8CD200C48EC1 /* main.m */ = {isa = PBXFileReference; lastKnownFileType = sourcecode.c.objc; path = main.m; sourceTree = "<group>"; };
		2ECF2626196E8CD200C48EC1 /* TicTacToe-Prefix.pch */ = {isa = PBXFileReference; lastKnownFileType = sourcecode.c.h; path = "TicTacToe-Prefix.pch"; sourceTree = "<group>"; };
		2ECF2627196E8CD200C48EC1 /* AppDelegate.h */ = {isa = PBXFileReference; lastKnownFileType = sourcecode.c.h; path = AppDelegate.h; sourceTree = "<group>"; };
		2ECF2628196E8CD200C48EC1 /* AppDelegate.m */ = {isa = PBXFileReference; lastKnownFileType = sourcecode.c.objc; path = AppDelegate.m; sourceTree = "<group>"; };
		2ECF2633196E8CD200C48EC1 /* Images.xcassets */ = {isa = PBXFileReference; lastKnownFileType = folder.assetcatalog; path = Images.xcassets; sourceTree = "<group>"; };
		2ECF2639196E8CD200C48EC1 /* TicTacToeTests.xctest */ = {isa = PBXFileReference; explicitFileType = wrapper.cfbundle; includeInIndex = 0; path = TicTacToeTests.xctest; sourceTree = BUILT_PRODUCTS_DIR; };
		2ECF263A196E8CD200C48EC1 /* XCTest.framework */ = {isa = PBXFileReference; lastKnownFileType = wrapper.framework; name = XCTest.framework; path = Library/Frameworks/XCTest.framework; sourceTree = DEVELOPER_DIR; };
		2ECF2642196E8CD200C48EC1 /* TicTacToeTests-Info.plist */ = {isa = PBXFileReference; lastKnownFileType = text.plist.xml; path = "TicTacToeTests-Info.plist"; sourceTree = "<group>"; };
		2ECF2644196E8CD200C48EC1 /* en */ = {isa = PBXFileReference; lastKnownFileType = text.plist.strings; name = en; path = en.lproj/InfoPlist.strings; sourceTree = "<group>"; };
		2ECF2646196E8CD200C48EC1 /* TicTacToeTests.m */ = {isa = PBXFileReference; lastKnownFileType = sourcecode.c.objc; path = TicTacToeTests.m; sourceTree = "<group>"; };
		97210AAF196EA468004B8BFD /* BoardTests.m */ = {isa = PBXFileReference; fileEncoding = 4; lastKnownFileType = sourcecode.c.objc; path = BoardTests.m; sourceTree = "<group>"; };
		97210AB1196ED3D9004B8BFD /* AI.h */ = {isa = PBXFileReference; fileEncoding = 4; lastKnownFileType = sourcecode.c.h; path = AI.h; sourceTree = "<group>"; };
		97210AB2196ED3D9004B8BFD /* AI.m */ = {isa = PBXFileReference; fileEncoding = 4; lastKnownFileType = sourcecode.c.objc; path = AI.m; sourceTree = "<group>"; };
		974A5EEB196E8EB400C46D9B /* Board.h */ = {isa = PBXFileReference; fileEncoding = 4; lastKnownFileType = sourcecode.c.h; path = Board.h; sourceTree = "<group>"; };
		974A5EEC196E8EB400C46D9B /* Board.m */ = {isa = PBXFileReference; fileEncoding = 4; lastKnownFileType = sourcecode.c.objc; path = Board.m; sourceTree = "<group>"; };
		97793D6519753C80001C81A2 /* PlatformSDK.framework */ = {isa = PBXFileReference; lastKnownFileType = wrapper.framework; name = PlatformSDK.framework; path = "../Library/Developer/Xcode/DerivedData/PlatformSDK-ecdcscyxrmdjhxgxessbnbbxmlqr/Build/Intermediates/ArchiveIntermediates/PlatformSDK/IntermediateBuildFilesPath/UninstalledProducts/PlatformSDK.framework"; sourceTree = "<group>"; };
		97793D6719753CA0001C81A2 /* platformsettings.plist */ = {isa = PBXFileReference; fileEncoding = 4; lastKnownFileType = text.plist.xml; path = platformsettings.plist; sourceTree = "<group>"; };
		97793D6919753CC4001C81A2 /* libsqlite3.0.dylib */ = {isa = PBXFileReference; lastKnownFileType = "compiled.mach-o.dylib"; name = libsqlite3.0.dylib; path = usr/lib/libsqlite3.0.dylib; sourceTree = SDKROOT; };
		97793D6B19753CCB001C81A2 /* SystemConfiguration.framework */ = {isa = PBXFileReference; lastKnownFileType = wrapper.framework; name = SystemConfiguration.framework; path = System/Library/Frameworks/SystemConfiguration.framework; sourceTree = SDKROOT; };
/* End PBXFileReference section */

/* Begin PBXFrameworksBuildPhase section */
		2ECF2612196E8CD200C48EC1 /* Frameworks */ = {
			isa = PBXFrameworksBuildPhase;
			buildActionMask = 2147483647;
			files = (
				97793D6C19753CCB001C81A2 /* SystemConfiguration.framework in Frameworks */,
				97793D6A19753CC4001C81A2 /* libsqlite3.0.dylib in Frameworks */,
				97793D6619753C80001C81A2 /* PlatformSDK.framework in Frameworks */,
				2ECF261B196E8CD200C48EC1 /* CoreGraphics.framework in Frameworks */,
				2ECF261D196E8CD200C48EC1 /* UIKit.framework in Frameworks */,
				2ECF2619196E8CD200C48EC1 /* Foundation.framework in Frameworks */,
			);
			runOnlyForDeploymentPostprocessing = 0;
		};
		2ECF2636196E8CD200C48EC1 /* Frameworks */ = {
			isa = PBXFrameworksBuildPhase;
			buildActionMask = 2147483647;
			files = (
				2ECF263B196E8CD200C48EC1 /* XCTest.framework in Frameworks */,
				2ECF263D196E8CD200C48EC1 /* UIKit.framework in Frameworks */,
				2ECF263C196E8CD200C48EC1 /* Foundation.framework in Frameworks */,
			);
			runOnlyForDeploymentPostprocessing = 0;
		};
/* End PBXFrameworksBuildPhase section */

/* Begin PBXGroup section */
		2E0309931973D4C400242BB9 /* Controller */ = {
			isa = PBXGroup;
			children = (
				2E0309871973D4C000242BB9 /* GameVC.h */,
				2E0309881973D4C000242BB9 /* GameVC.m */,
				2E0309891973D4C000242BB9 /* IntroVC.h */,
				2E03098A1973D4C000242BB9 /* IntroVC.m */,
				2E03098B1973D4C000242BB9 /* NavigationVC.h */,
				2E03098C1973D4C000242BB9 /* NavigationVC.m */,
				2E03098D1973D4C000242BB9 /* TestVC.h */,
				2E03098E1973D4C000242BB9 /* TestVC.m */,
				2E950E801973D6EC002EAF02 /* DisplayVC.h */,
				2E950E811973D6EC002EAF02 /* DisplayVC.m */,
			);
			name = Controller;
			sourceTree = "<group>";
		};
		2E0309A01973D4F300242BB9 /* View */ = {
			isa = PBXGroup;
			children = (
				2E950E7F1973D6A2002EAF02 /* Storyboards */,
				2E0309A71973D50B00242BB9 /* Layer */,
				2E0309941973D4E700242BB9 /* CharacterView.h */,
				2E0309951973D4E700242BB9 /* CharacterView.m */,
				2E0309961973D4E700242BB9 /* Colorscheme.h */,
				2E0309971973D4E700242BB9 /* Colorscheme.m */,
				2E0309981973D4E700242BB9 /* GridCell.h */,
				2E0309991973D4E700242BB9 /* GridCell.m */,
				2E03099A1973D4E700242BB9 /* Symbol.h */,
				2E03099B1973D4E700242BB9 /* Symbol.m */,
				2E950E831973D736002EAF02 /* DisplayView.h */,
				2E950E841973D736002EAF02 /* DisplayView.m */,
			);
			name = View;
			sourceTree = "<group>";
		};
		2E0309A71973D50B00242BB9 /* Layer */ = {
			isa = PBXGroup;
			children = (
				2E0309A11973D50400242BB9 /* CellBackground.h */,
				2E0309A21973D50400242BB9 /* CellBackground.m */,
				2E0309A31973D50400242BB9 /* Character.h */,
				2E0309A41973D50400242BB9 /* Character.m */,
				2E950E861973D837002EAF02 /* DisplayLayer.h */,
				2E950E871973D837002EAF02 /* DisplayLayer.m */,
				2E950E891973E043002EAF02 /* Cell.h */,
				2E950E8A1973E043002EAF02 /* Cell.m */,
			);
			name = Layer;
			sourceTree = "<group>";
		};
		2E950E7F1973D6A2002EAF02 /* Storyboards */ = {
			isa = PBXGroup;
			children = (
				2E950E791973D69A002EAF02 /* Main_iPad.storyboard */,
				2E950E7B1973D69A002EAF02 /* Main_iPhone.storyboard */,
			);
			name = Storyboards;
			sourceTree = "<group>";
		};
		2E9A644519700DD2004AEC82 /* Fonts */ = {
			isa = PBXGroup;
			children = (
				2E9A64501970218B004AEC82 /* GardensC_03_1.otf */,
				2E9A644E1970115C004AEC82 /* Aldo PC.ttf */,
				2E9A644C19700FBF004AEC82 /* Fabada-regular.ttf */,
				2E9A644619700F30004AEC82 /* Folks-Bold.ttf */,
				2E9A644719700F30004AEC82 /* Folks-Light.ttf */,
				2E9A644819700F30004AEC82 /* Folks-Normal.ttf */,
				2E9A644319700DC7004AEC82 /* Stark.OTF */,
			);
			name = Fonts;
			sourceTree = "<group>";
		};
		2ECF260C196E8CD200C48EC1 = {
			isa = PBXGroup;
			children = (
				97793D6719753CA0001C81A2 /* platformsettings.plist */,
				97793D6519753C80001C81A2 /* PlatformSDK.framework */,
				2ECF261E196E8CD200C48EC1 /* TicTacToe */,
				2ECF2640196E8CD200C48EC1 /* TicTacToeTests */,
				2ECF2617196E8CD200C48EC1 /* Frameworks */,
				2ECF2616196E8CD200C48EC1 /* Products */,
			);
			sourceTree = "<group>";
		};
		2ECF2616196E8CD200C48EC1 /* Products */ = {
			isa = PBXGroup;
			children = (
				2ECF2615196E8CD200C48EC1 /* TicTacToe.app */,
				2ECF2639196E8CD200C48EC1 /* TicTacToeTests.xctest */,
			);
			name = Products;
			sourceTree = "<group>";
		};
		2ECF2617196E8CD200C48EC1 /* Frameworks */ = {
			isa = PBXGroup;
			children = (
				97793D6B19753CCB001C81A2 /* SystemConfiguration.framework */,
				97793D6919753CC4001C81A2 /* libsqlite3.0.dylib */,
				2ECF2618196E8CD200C48EC1 /* Foundation.framework */,
				2ECF261A196E8CD200C48EC1 /* CoreGraphics.framework */,
				2ECF261C196E8CD200C48EC1 /* UIKit.framework */,
				2ECF263A196E8CD200C48EC1 /* XCTest.framework */,
			);
			name = Frameworks;
			sourceTree = "<group>";
		};
		2ECF261E196E8CD200C48EC1 /* TicTacToe */ = {
			isa = PBXGroup;
			children = (
				97A5BBB5196E8E8B00AA4938 /* Model */,
				2E0309931973D4C400242BB9 /* Controller */,
				2E0309A01973D4F300242BB9 /* View */,
				2ECF2627196E8CD200C48EC1 /* AppDelegate.h */,
				2ECF2628196E8CD200C48EC1 /* AppDelegate.m */,
				2ECF2633196E8CD200C48EC1 /* Images.xcassets */,
				2ECF261F196E8CD200C48EC1 /* Supporting Files */,
			);
			path = TicTacToe;
			sourceTree = "<group>";
		};
		2ECF261F196E8CD200C48EC1 /* Supporting Files */ = {
			isa = PBXGroup;
			children = (
				2E9A644519700DD2004AEC82 /* Fonts */,
				2ECF2620196E8CD200C48EC1 /* TicTacToe-Info.plist */,
				2ECF2621196E8CD200C48EC1 /* InfoPlist.strings */,
				2ECF2624196E8CD200C48EC1 /* main.m */,
				2ECF2626196E8CD200C48EC1 /* TicTacToe-Prefix.pch */,
			);
			name = "Supporting Files";
			sourceTree = "<group>";
		};
		2ECF2640196E8CD200C48EC1 /* TicTacToeTests */ = {
			isa = PBXGroup;
			children = (
				97210AAF196EA468004B8BFD /* BoardTests.m */,
				2ECF2646196E8CD200C48EC1 /* TicTacToeTests.m */,
				2ECF2641196E8CD200C48EC1 /* Supporting Files */,
			);
			path = TicTacToeTests;
			sourceTree = "<group>";
		};
		2ECF2641196E8CD200C48EC1 /* Supporting Files */ = {
			isa = PBXGroup;
			children = (
				2ECF2642196E8CD200C48EC1 /* TicTacToeTests-Info.plist */,
				2ECF2643196E8CD200C48EC1 /* InfoPlist.strings */,
			);
			name = "Supporting Files";
			sourceTree = "<group>";
		};
		97A5BBB5196E8E8B00AA4938 /* Model */ = {
			isa = PBXGroup;
			children = (
				974A5EEB196E8EB400C46D9B /* Board.h */,
				974A5EEC196E8EB400C46D9B /* Board.m */,
				97210AB1196ED3D9004B8BFD /* AI.h */,
				97210AB2196ED3D9004B8BFD /* AI.m */,
			);
			name = Model;
			sourceTree = "<group>";
		};
/* End PBXGroup section */

/* Begin PBXNativeTarget section */
		2ECF2614196E8CD200C48EC1 /* TicTacToe */ = {
			isa = PBXNativeTarget;
			buildConfigurationList = 2ECF264A196E8CD200C48EC1 /* Build configuration list for PBXNativeTarget "TicTacToe" */;
			buildPhases = (
				2ECF2611196E8CD200C48EC1 /* Sources */,
				2ECF2612196E8CD200C48EC1 /* Frameworks */,
				2ECF2613196E8CD200C48EC1 /* Resources */,
			);
			buildRules = (
			);
			dependencies = (
			);
			name = TicTacToe;
			productName = TicTacToe;
			productReference = 2ECF2615196E8CD200C48EC1 /* TicTacToe.app */;
			productType = "com.apple.product-type.application";
		};
		2ECF2638196E8CD200C48EC1 /* TicTacToeTests */ = {
			isa = PBXNativeTarget;
			buildConfigurationList = 2ECF264D196E8CD200C48EC1 /* Build configuration list for PBXNativeTarget "TicTacToeTests" */;
			buildPhases = (
				2ECF2635196E8CD200C48EC1 /* Sources */,
				2ECF2636196E8CD200C48EC1 /* Frameworks */,
				2ECF2637196E8CD200C48EC1 /* Resources */,
			);
			buildRules = (
			);
			dependencies = (
				2ECF263F196E8CD200C48EC1 /* PBXTargetDependency */,
			);
			name = TicTacToeTests;
			productName = TicTacToeTests;
			productReference = 2ECF2639196E8CD200C48EC1 /* TicTacToeTests.xctest */;
			productType = "com.apple.product-type.bundle.unit-test";
		};
/* End PBXNativeTarget section */

/* Begin PBXProject section */
		2ECF260D196E8CD200C48EC1 /* Project object */ = {
			isa = PBXProject;
			attributes = {
				LastUpgradeCheck = 0510;
				ORGANIZATIONNAME = Zzish;
				TargetAttributes = {
					2ECF2614196E8CD200C48EC1 = {
						DevelopmentTeam = 3SSW67ULQ9;
					};
					2ECF2638196E8CD200C48EC1 = {
						TestTargetID = 2ECF2614196E8CD200C48EC1;
					};
				};
			};
			buildConfigurationList = 2ECF2610196E8CD200C48EC1 /* Build configuration list for PBXProject "TicTacToe" */;
			compatibilityVersion = "Xcode 3.2";
			developmentRegion = English;
			hasScannedForEncodings = 0;
			knownRegions = (
				en,
				Base,
			);
			mainGroup = 2ECF260C196E8CD200C48EC1;
			productRefGroup = 2ECF2616196E8CD200C48EC1 /* Products */;
			projectDirPath = "";
			projectRoot = "";
			targets = (
				2ECF2614196E8CD200C48EC1 /* TicTacToe */,
				2ECF2638196E8CD200C48EC1 /* TicTacToeTests */,
			);
		};
/* End PBXProject section */

/* Begin PBXResourcesBuildPhase section */
		2ECF2613196E8CD200C48EC1 /* Resources */ = {
			isa = PBXResourcesBuildPhase;
			buildActionMask = 2147483647;
			files = (
				2E9A644419700DC7004AEC82 /* Stark.OTF in Resources */,
				2E9A644B19700F30004AEC82 /* Folks-Normal.ttf in Resources */,
				2E9A644919700F30004AEC82 /* Folks-Bold.ttf in Resources */,
				2E9A644D19700FBF004AEC82 /* Fabada-regular.ttf in Resources */,
				2ECF2634196E8CD200C48EC1 /* Images.xcassets in Resources */,
				2E950E7D1973D69A002EAF02 /* Main_iPad.storyboard in Resources */,
				97793D6819753CA0001C81A2 /* platformsettings.plist in Resources */,
				2E9A644F1970115C004AEC82 /* Aldo PC.ttf in Resources */,
				2E9A64511970218B004AEC82 /* GardensC_03_1.otf in Resources */,
				2E9A644A19700F30004AEC82 /* Folks-Light.ttf in Resources */,
				2ECF2623196E8CD200C48EC1 /* InfoPlist.strings in Resources */,
				2E950E7E1973D69A002EAF02 /* Main_iPhone.storyboard in Resources */,
			);
			runOnlyForDeploymentPostprocessing = 0;
		};
		2ECF2637196E8CD200C48EC1 /* Resources */ = {
			isa = PBXResourcesBuildPhase;
			buildActionMask = 2147483647;
			files = (
				2ECF2645196E8CD200C48EC1 /* InfoPlist.strings in Resources */,
			);
			runOnlyForDeploymentPostprocessing = 0;
		};
/* End PBXResourcesBuildPhase section */

/* Begin PBXSourcesBuildPhase section */
		2ECF2611196E8CD200C48EC1 /* Sources */ = {
			isa = PBXSourcesBuildPhase;
			buildActionMask = 2147483647;
			files = (
				97210AB3196ED3D9004B8BFD /* AI.m in Sources */,
				2ECF2629196E8CD200C48EC1 /* AppDelegate.m in Sources */,
				2E950E821973D6EC002EAF02 /* DisplayVC.m in Sources */,
				974A5EED196E8EB400C46D9B /* Board.m in Sources */,
				2E0309A61973D50400242BB9 /* Character.m in Sources */,
				2E0309921973D4C000242BB9 /* TestVC.m in Sources */,
				2E03099D1973D4E700242BB9 /* Colorscheme.m in Sources */,
				2ECF2625196E8CD200C48EC1 /* main.m in Sources */,
				2E03099C1973D4E700242BB9 /* CharacterView.m in Sources */,
				2E950E851973D736002EAF02 /* DisplayView.m in Sources */,
				2E0309901973D4C000242BB9 /* IntroVC.m in Sources */,
				2E950E881973D837002EAF02 /* DisplayLayer.m in Sources */,
				2E03098F1973D4C000242BB9 /* GameVC.m in Sources */,
				2E0309A51973D50400242BB9 /* CellBackground.m in Sources */,
				2E03099F1973D4E700242BB9 /* Symbol.m in Sources */,
				2E03099E1973D4E700242BB9 /* GridCell.m in Sources */,
				2E0309911973D4C000242BB9 /* NavigationVC.m in Sources */,
				2E950E8B1973E043002EAF02 /* Cell.m in Sources */,
			);
			runOnlyForDeploymentPostprocessing = 0;
		};
		2ECF2635196E8CD200C48EC1 /* Sources */ = {
			isa = PBXSourcesBuildPhase;
			buildActionMask = 2147483647;
			files = (
				97210AB0196EA468004B8BFD /* BoardTests.m in Sources */,
				2ECF2647196E8CD200C48EC1 /* TicTacToeTests.m in Sources */,
			);
			runOnlyForDeploymentPostprocessing = 0;
		};
/* End PBXSourcesBuildPhase section */

/* Begin PBXTargetDependency section */
		2ECF263F196E8CD200C48EC1 /* PBXTargetDependency */ = {
			isa = PBXTargetDependency;
			target = 2ECF2614196E8CD200C48EC1 /* TicTacToe */;
			targetProxy = 2ECF263E196E8CD200C48EC1 /* PBXContainerItemProxy */;
		};
/* End PBXTargetDependency section */

/* Begin PBXVariantGroup section */
		2E950E791973D69A002EAF02 /* Main_iPad.storyboard */ = {
			isa = PBXVariantGroup;
			children = (
				2E950E7A1973D69A002EAF02 /* Base */,
			);
			name = Main_iPad.storyboard;
			sourceTree = "<group>";
		};
		2E950E7B1973D69A002EAF02 /* Main_iPhone.storyboard */ = {
			isa = PBXVariantGroup;
			children = (
				2E950E7C1973D69A002EAF02 /* Base */,
			);
			name = Main_iPhone.storyboard;
			sourceTree = "<group>";
		};
		2ECF2621196E8CD200C48EC1 /* InfoPlist.strings */ = {
			isa = PBXVariantGroup;
			children = (
				2ECF2622196E8CD200C48EC1 /* en */,
			);
			name = InfoPlist.strings;
			sourceTree = "<group>";
		};
		2ECF2643196E8CD200C48EC1 /* InfoPlist.strings */ = {
			isa = PBXVariantGroup;
			children = (
				2ECF2644196E8CD200C48EC1 /* en */,
			);
			name = InfoPlist.strings;
			sourceTree = "<group>";
		};
/* End PBXVariantGroup section */

/* Begin XCBuildConfiguration section */
		2ECF2648196E8CD200C48EC1 /* Debug */ = {
			isa = XCBuildConfiguration;
			buildSettings = {
				ALWAYS_SEARCH_USER_PATHS = NO;
				CLANG_CXX_LANGUAGE_STANDARD = "gnu++0x";
				CLANG_CXX_LIBRARY = "libc++";
				CLANG_ENABLE_MODULES = YES;
				CLANG_ENABLE_OBJC_ARC = YES;
				CLANG_WARN_BOOL_CONVERSION = YES;
				CLANG_WARN_CONSTANT_CONVERSION = YES;
				CLANG_WARN_DIRECT_OBJC_ISA_USAGE = YES_ERROR;
				CLANG_WARN_EMPTY_BODY = YES;
				CLANG_WARN_ENUM_CONVERSION = YES;
				CLANG_WARN_INT_CONVERSION = YES;
				CLANG_WARN_OBJC_ROOT_CLASS = YES_ERROR;
				CLANG_WARN__DUPLICATE_METHOD_MATCH = YES;
				"CODE_SIGN_IDENTITY[sdk=iphoneos*]" = "iPhone Developer";
				COPY_PHASE_STRIP = NO;
				GCC_C_LANGUAGE_STANDARD = gnu99;
				GCC_DYNAMIC_NO_PIC = NO;
				GCC_OPTIMIZATION_LEVEL = 0;
				GCC_PREPROCESSOR_DEFINITIONS = (
					"DEBUG=1",
					"$(inherited)",
				);
				GCC_SYMBOLS_PRIVATE_EXTERN = NO;
				GCC_WARN_64_TO_32_BIT_CONVERSION = YES;
				GCC_WARN_ABOUT_RETURN_TYPE = YES_ERROR;
				GCC_WARN_UNDECLARED_SELECTOR = YES;
				GCC_WARN_UNINITIALIZED_AUTOS = YES_AGGRESSIVE;
				GCC_WARN_UNUSED_FUNCTION = YES;
				GCC_WARN_UNUSED_VARIABLE = YES;
				IPHONEOS_DEPLOYMENT_TARGET = 7.1;
				ONLY_ACTIVE_ARCH = YES;
				SDKROOT = iphoneos;
				TARGETED_DEVICE_FAMILY = "1,2";
			};
			name = Debug;
		};
		2ECF2649196E8CD200C48EC1 /* Release */ = {
			isa = XCBuildConfiguration;
			buildSettings = {
				ALWAYS_SEARCH_USER_PATHS = NO;
				CLANG_CXX_LANGUAGE_STANDARD = "gnu++0x";
				CLANG_CXX_LIBRARY = "libc++";
				CLANG_ENABLE_MODULES = YES;
				CLANG_ENABLE_OBJC_ARC = YES;
				CLANG_WARN_BOOL_CONVERSION = YES;
				CLANG_WARN_CONSTANT_CONVERSION = YES;
				CLANG_WARN_DIRECT_OBJC_ISA_USAGE = YES_ERROR;
				CLANG_WARN_EMPTY_BODY = YES;
				CLANG_WARN_ENUM_CONVERSION = YES;
				CLANG_WARN_INT_CONVERSION = YES;
				CLANG_WARN_OBJC_ROOT_CLASS = YES_ERROR;
				CLANG_WARN__DUPLICATE_METHOD_MATCH = YES;
				"CODE_SIGN_IDENTITY[sdk=iphoneos*]" = "iPhone Developer";
				COPY_PHASE_STRIP = YES;
				ENABLE_NS_ASSERTIONS = NO;
				GCC_C_LANGUAGE_STANDARD = gnu99;
				GCC_WARN_64_TO_32_BIT_CONVERSION = YES;
				GCC_WARN_ABOUT_RETURN_TYPE = YES_ERROR;
				GCC_WARN_UNDECLARED_SELECTOR = YES;
				GCC_WARN_UNINITIALIZED_AUTOS = YES_AGGRESSIVE;
				GCC_WARN_UNUSED_FUNCTION = YES;
				GCC_WARN_UNUSED_VARIABLE = YES;
				IPHONEOS_DEPLOYMENT_TARGET = 7.1;
				SDKROOT = iphoneos;
				TARGETED_DEVICE_FAMILY = "1,2";
				VALIDATE_PRODUCT = YES;
			};
			name = Release;
		};
		2ECF264B196E8CD200C48EC1 /* Debug */ = {
			isa = XCBuildConfiguration;
			buildSettings = {
				ASSETCATALOG_COMPILER_APPICON_NAME = AppIcon;
				ASSETCATALOG_COMPILER_LAUNCHIMAGE_NAME = LaunchImage;
				CODE_SIGN_IDENTITY = "iPhone Developer: Chris Howell (2G6KCE7SYJ)";
				FRAMEWORK_SEARCH_PATHS = (
					"$(inherited)",
					"$(DEVELOPER_FRAMEWORKS_DIR)",
					"$(USER_LIBRARY_DIR)/Developer/Xcode/DerivedData/PlatformSDK-ecdcscyxrmdjhxgxessbnbbxmlqr/Build/Intermediates/ArchiveIntermediates/PlatformSDK/IntermediateBuildFilesPath/UninstalledProducts",
				);
				GCC_PRECOMPILE_PREFIX_HEADER = YES;
				GCC_PREFIX_HEADER = "TicTacToe/TicTacToe-Prefix.pch";
				INFOPLIST_FILE = "TicTacToe/TicTacToe-Info.plist";
				IPHONEOS_DEPLOYMENT_TARGET = 7.0;
				PRODUCT_NAME = "$(TARGET_NAME)";
				TARGETED_DEVICE_FAMILY = "1,2";
				WRAPPER_EXTENSION = app;
			};
			name = Debug;
		};
		2ECF264C196E8CD200C48EC1 /* Release */ = {
			isa = XCBuildConfiguration;
			buildSettings = {
				ASSETCATALOG_COMPILER_APPICON_NAME = AppIcon;
				ASSETCATALOG_COMPILER_LAUNCHIMAGE_NAME = LaunchImage;
				CODE_SIGN_IDENTITY = "iPhone Developer: Chris Howell (2G6KCE7SYJ)";
				FRAMEWORK_SEARCH_PATHS = (
					"$(inherited)",
					"$(DEVELOPER_FRAMEWORKS_DIR)",
					"$(USER_LIBRARY_DIR)/Developer/Xcode/DerivedData/PlatformSDK-ecdcscyxrmdjhxgxessbnbbxmlqr/Build/Intermediates/ArchiveIntermediates/PlatformSDK/IntermediateBuildFilesPath/UninstalledProducts",
				);
				GCC_PRECOMPILE_PREFIX_HEADER = YES;
				GCC_PREFIX_HEADER = "TicTacToe/TicTacToe-Prefix.pch";
				INFOPLIST_FILE = "TicTacToe/TicTacToe-Info.plist";
				IPHONEOS_DEPLOYMENT_TARGET = 7.0;
				PRODUCT_NAME = "$(TARGET_NAME)";
				TARGETED_DEVICE_FAMILY = "1,2";
				WRAPPER_EXTENSION = app;
			};
			name = Release;
		};
		2ECF264E196E8CD200C48EC1 /* Debug */ = {
			isa = XCBuildConfiguration;
			buildSettings = {
				BUNDLE_LOADER = "$(BUILT_PRODUCTS_DIR)/TicTacToe.app/TicTacToe";
				FRAMEWORK_SEARCH_PATHS = (
					"$(SDKROOT)/Developer/Library/Frameworks",
					"$(inherited)",
					"$(DEVELOPER_FRAMEWORKS_DIR)",
				);
				GCC_PRECOMPILE_PREFIX_HEADER = YES;
				GCC_PREFIX_HEADER = "TicTacToe/TicTacToe-Prefix.pch";
				GCC_PREPROCESSOR_DEFINITIONS = (
					"DEBUG=1",
					"$(inherited)",
				);
				INFOPLIST_FILE = "TicTacToeTests/TicTacToeTests-Info.plist";
				PRODUCT_NAME = "$(TARGET_NAME)";
				TEST_HOST = "$(BUNDLE_LOADER)";
				WRAPPER_EXTENSION = xctest;
			};
			name = Debug;
		};
		2ECF264F196E8CD200C48EC1 /* Release */ = {
			isa = XCBuildConfiguration;
			buildSettings = {
				BUNDLE_LOADER = "$(BUILT_PRODUCTS_DIR)/TicTacToe.app/TicTacToe";
				FRAMEWORK_SEARCH_PATHS = (
					"$(SDKROOT)/Developer/Library/Frameworks",
					"$(inherited)",
					"$(DEVELOPER_FRAMEWORKS_DIR)",
				);
				GCC_PRECOMPILE_PREFIX_HEADER = YES;
				GCC_PREFIX_HEADER = "TicTacToe/TicTacToe-Prefix.pch";
				INFOPLIST_FILE = "TicTacToeTests/TicTacToeTests-Info.plist";
				PRODUCT_NAME = "$(TARGET_NAME)";
				TEST_HOST = "$(BUNDLE_LOADER)";
				WRAPPER_EXTENSION = xctest;
			};
			name = Release;
		};
/* End XCBuildConfiguration section */

/* Begin XCConfigurationList section */
		2ECF2610196E8CD200C48EC1 /* Build configuration list for PBXProject "TicTacToe" */ = {
			isa = XCConfigurationList;
			buildConfigurations = (
				2ECF2648196E8CD200C48EC1 /* Debug */,
				2ECF2649196E8CD200C48EC1 /* Release */,
			);
			defaultConfigurationIsVisible = 0;
			defaultConfigurationName = Release;
		};
		2ECF264A196E8CD200C48EC1 /* Build configuration list for PBXNativeTarget "TicTacToe" */ = {
			isa = XCConfigurationList;
			buildConfigurations = (
				2ECF264B196E8CD200C48EC1 /* Debug */,
				2ECF264C196E8CD200C48EC1 /* Release */,
			);
			defaultConfigurationIsVisible = 0;
			defaultConfigurationName = Release;
		};
		2ECF264D196E8CD200C48EC1 /* Build configuration list for PBXNativeTarget "TicTacToeTests" */ = {
			isa = XCConfigurationList;
			buildConfigurations = (
				2ECF264E196E8CD200C48EC1 /* Debug */,
				2ECF264F196E8CD200C48EC1 /* Release */,
			);
			defaultConfigurationIsVisible = 0;
			defaultConfigurationName = Release;
		};
/* End XCConfigurationList section */
	};
	rootObject = 2ECF260D196E8CD200C48EC1 /* Project object */;
}
